
Microsoft Visual Studio Solution File, Format Version 12.00
# Visual Studio Version 17
VisualStudioVersion = 17.9.34701.34
MinimumVisualStudioVersion = 10.0.40219.1
Project("{FAE04EC0-301F-11D3-BF4B-00C04F79EFBC}") = "UniqueSign", "UniqueSign\UniqueSign.csproj", "{A3A22113-29DC-4397-8FEE-C6AD8C786EC4}"
EndProject
Global
	GlobalSection(SolutionConfigurationPlatforms) = preSolution
		Debug|Any CPU = Debug|Any CPU
		Release|Any CPU = Release|Any CPU
	EndGlobalSection
	GlobalSection(ProjectConfigurationPlatforms) = postSolution
		{A3A22113-29DC-4397-8FEE-C6AD8C786EC4}.Debug|Any CPU.ActiveCfg = Debug|Any CPU
		{A3A22113-29DC-4397-8FEE-C6AD8C786EC4}.Debug|Any CPU.Build.0 = Debug|Any CPU
		{A3A22113-29DC-4397-8FEE-C6AD8C786EC4}.Release|Any CPU.ActiveCfg = Release|Any CPU
		{A3A22113-29DC-4397-8FEE-C6AD8C786EC4}.Release|Any CPU.Build.0 = Release|Any CPU
	EndGlobalSection
	GlobalSection(SolutionProperties) = preSolution
		HideSolutionNode = FALSE
	EndGlobalSection
	GlobalSection(ExtensibilityGlobals) = postSolution
		SolutionGuid = {A65DF2E5-A613-47EC-9B40-6EF06784889C}
	EndGlobalSection
EndGlobal
