
Microsoft Visual Studio Solution File, Format Version 12.00
# Visual Studio Version 17
VisualStudioVersion = 17.9.34701.34
MinimumVisualStudioVersion = 10.0.40219.1
Project("{FAE04EC0-301F-11D3-BF4B-00C04F79EFBC}") = "TestProject1", "TestProject1\TestProject1.csproj", "{4EEC6A65-3DB3-4540-9556-4306F73D7F1D}"
EndProject
Global
	GlobalSection(SolutionConfigurationPlatforms) = preSolution
		Debug|Any CPU = Debug|Any CPU
		Release|Any CPU = Release|Any CPU
	EndGlobalSection
	GlobalSection(ProjectConfigurationPlatforms) = postSolution
		{4EEC6A65-3DB3-4540-9556-4306F73D7F1D}.Debug|Any CPU.ActiveCfg = Debug|Any CPU
		{4EEC6A65-3DB3-4540-9556-4306F73D7F1D}.Debug|Any CPU.Build.0 = Debug|Any CPU
		{4EEC6A65-3DB3-4540-9556-4306F73D7F1D}.Release|Any CPU.ActiveCfg = Release|Any CPU
		{4EEC6A65-3DB3-4540-9556-4306F73D7F1D}.Release|Any CPU.Build.0 = Release|Any CPU
	EndGlobalSection
	GlobalSection(SolutionProperties) = preSolution
		HideSolutionNode = FALSE
	EndGlobalSection
	GlobalSection(ExtensibilityGlobals) = postSolution
		SolutionGuid = {033BB468-4D5B-40B5-A0B9-D518C62F1EC5}
	EndGlobalSection
EndGlobal
